
Microsoft Visual Studio Solution File, Format Version 12.00
# Visual Studio Version 17
VisualStudioVersion = 17.0.31903.59
MinimumVisualStudioVersion = 10.0.40219.1
Project("{2150E333-8FDC-42A3-9474-1A3956D46DE8}") = "DeaconCare", "DeaconCare", "{93EE2B98-B956-47C2-8A0F-0A41FF29ADDC}"
EndProject
Project("{FAE04EC0-301F-11D3-BF4B-00C04F79EFBC}") = "DeaconCare", "DeaconCare\DeaconCare\DeaconCare.csproj", "{FB9B5DD8-9560-4EB8-B735-6FECD5B7BE28}"
EndProject
Global
	GlobalSection(SolutionConfigurationPlatforms) = preSolution
		Debug|Any CPU = Debug|Any CPU
		Release|Any CPU = Release|Any CPU
	EndGlobalSection
	GlobalSection(SolutionProperties) = preSolution
		HideSolutionNode = FALSE
	EndGlobalSection
	GlobalSection(ProjectConfigurationPlatforms) = postSolution
		{FB9B5DD8-9560-4EB8-B735-6FECD5B7BE28}.Debug|Any CPU.ActiveCfg = Debug|Any CPU
		{FB9B5DD8-9560-4EB8-B735-6FECD5B7BE28}.Debug|Any CPU.Build.0 = Debug|Any CPU
		{FB9B5DD8-9560-4EB8-B735-6FECD5B7BE28}.Release|Any CPU.ActiveCfg = Release|Any CPU
		{FB9B5DD8-9560-4EB8-B735-6FECD5B7BE28}.Release|Any CPU.Build.0 = Release|Any CPU
	EndGlobalSection
	GlobalSection(NestedProjects) = preSolution
		{FB9B5DD8-9560-4EB8-B735-6FECD5B7BE28} = {93EE2B98-B956-47C2-8A0F-0A41FF29ADDC}
	EndGlobalSection
EndGlobal
